PODS:
  - Cosmos (8.0.1)
  - Firebase (3.11.1):
    - Firebase/Core (= 3.11.1)
  - Firebase/Core (3.11.1):
    - FirebaseAnalytics (= 3.6.0)
    - FirebaseCore (= 3.4.7)
  - Firebase/Database (3.11.1):
    - Firebase/Core
    - FirebaseDatabase (= 3.1.1)
  - FirebaseAnalytics (3.6.0):
    - FirebaseCore (~> 3.4)
    - FirebaseInstanceID (~> 1.0)
    - GoogleInterchangeUtilities (~> 1.2)
    - GoogleSymbolUtilities (~> 1.1)
    - GoogleToolboxForMac/NSData+zlib (~> 2.1)
  - FirebaseCore (3.4.7):
    - GoogleInterchangeUtilities (~> 1.2)
    - GoogleSymbolUtilities (~> 1.1)
    - GoogleToolboxForMac/NSData+zlib (~> 2.1)
  - FirebaseDatabase (3.1.1):
    - FirebaseAnalytics (~> 3.5)
  - FirebaseInstanceID (1.0.8)
  - GoogleInterchangeUtilities (1.2.2):
    - GoogleSymbolUtilities (~> 1.1)
  - GoogleSymbolUtilities (1.1.2)
  - GoogleToolboxForMac/Defines (2.1.1)
  - GoogleToolboxForMac/NSData+zlib (2.1.1):
    - GoogleToolboxForMac/Defines (= 2.1.1)
  - Rosefire (2.1.0)

DEPENDENCIES:
  - Cosmos (~> 8.0)
  - Firebase
  - Firebase/Database
  - Rosefire (from `https://ada.csse.rose-hulman.edu/rosefire/ios-sdk.git`, tag `2.1.0`)

EXTERNAL SOURCES:
  Rosefire:
    :git: https://ada.csse.rose-hulman.edu/rosefire/ios-sdk.git
    :tag: 2.1.0

CHECKOUT OPTIONS:
  Rosefire:
    :git: https://ada.csse.rose-hulman.edu/rosefire/ios-sdk.git
    :tag: 2.1.0

SPEC CHECKSUMS:
  Cosmos: 7e4615ae6a3af8109e242b34cfddfaba1c25bfbe
  Firebase: 53b2343db1ebfa3eb16bdb4318b8bb65360b2220
  FirebaseAnalytics: 9c67af0ebeb8d2146c9b4ea2616439affa947b58
  FirebaseCore: 46afaf2c2e0419ea7d3acfb08cf26a461a75fe85
  FirebaseDatabase: 6de92187481ff0e8e124064f21742e95ee883b02
  FirebaseInstanceID: ba1e640935235e5fac39dfa816fe7660e72e1a8a
  GoogleInterchangeUtilities: d5bc4d88d5b661ab72f9d70c58d02ca8c27ad1f7
  GoogleSymbolUtilities: 631ee17048aa5e9ab133470d768ea997a5ef9b96
  GoogleToolboxForMac: 8e329f1b599f2512c6b10676d45736bcc2cbbeb0
  Rosefire: 6e0c0f97fe55dcdb52928d833a79dcc4d59d9412

PODFILE CHECKSUM: e83564746c7bc2e81a1271eafbe7eb6f14fc4fc8

COCOAPODS: 1.1.1
