// !$*UTF8*$!
{
	archiveVersion = 1;
	classes = {
	};
	objectVersion = 46;
	objects = {

/* Begin PBXBuildFile section */
		1B1C2C861E183A0200E52EA7 /* SignInViewController.swift in Sources */ = {isa = PBXBuildFile; fileRef = 1B1C2C851E183A0200E52EA7 /* SignInViewController.swift */; };
		1B8675891E425AC000F94BDF /* MyOrdersViewController.swift in Sources */ = {isa = PBXBuildFile; fileRef = 1B8675881E425AC000F94BDF /* MyOrdersViewController.swift */; };
		1B86758B1E42630E00F94BDF /* MyOrdersTableCell.swift in Sources */ = {isa = PBXBuildFile; fileRef = 1B86758A1E42630E00F94BDF /* MyOrdersTableCell.swift */; };
		1B86758D1E42C79100F94BDF /* MyOrderHistoryViewController.swift in Sources */ = {isa = PBXBuildFile; fileRef = 1B86758C1E42C79100F94BDF /* MyOrderHistoryViewController.swift */; };
		1BEC19CF1E233406007760A7 /* Podfile in Resources */ = {isa = PBXBuildFile; fileRef = 1BEC19CE1E233406007760A7 /* Podfile */; };
		2F4FC6A62564179A76BDAA55 /* Pods_RoseCoffeeIOS.framework in Frameworks */ = {isa = PBXBuildFile; fileRef = E44BA29FB90B7C77CC59D73B /* Pods_RoseCoffeeIOS.framework */; };
		4630A8731E1A1FB800F28AA7 /* LocationAndTimeViewController.swift in Sources */ = {isa = PBXBuildFile; fileRef = 4630A8721E1A1FB800F28AA7 /* LocationAndTimeViewController.swift */; };
		463261001E31A31100AF4421 /* GoogleService-Info.plist in Resources */ = {isa = PBXBuildFile; fileRef = 463260FF1E31A31100AF4421 /* GoogleService-Info.plist */; };
		468321DA1E3D38BB00B0C33F /* AddDrinkFirstViewController.swift in Sources */ = {isa = PBXBuildFile; fileRef = 468321D91E3D38BB00B0C33F /* AddDrinkFirstViewController.swift */; };
		468321DC1E3D70D300B0C33F /* AddSnackFirstViewController.swift in Sources */ = {isa = PBXBuildFile; fileRef = 468321DB1E3D70D300B0C33F /* AddSnackFirstViewController.swift */; };
		46840D8D1E36F6CE00BD0FB3 /* CustomerRatingViewController.swift in Sources */ = {isa = PBXBuildFile; fileRef = 46840D8C1E36F6CE00BD0FB3 /* CustomerRatingViewController.swift */; };
		46943C261E3FBEA200A96F6D /* AddDrinkSecondViewController.swift in Sources */ = {isa = PBXBuildFile; fileRef = 46943C251E3FBEA200A96F6D /* AddDrinkSecondViewController.swift */; };
		46DB46FD1E2464CB00834A76 /* SettingViewController.swift in Sources */ = {isa = PBXBuildFile; fileRef = 46DB46FC1E2464CB00834A76 /* SettingViewController.swift */; };
		46DB46FF1E246E1500834A76 /* OrderDetailViewController.swift in Sources */ = {isa = PBXBuildFile; fileRef = 46DB46FE1E246E1500834A76 /* OrderDetailViewController.swift */; };
		6F2051D11DF76CC400FB6605 /* Main.storyboard in Resources */ = {isa = PBXBuildFile; fileRef = 6F2051CF1DF76CC400FB6605 /* Main.storyboard */; };
		6F2051D41DF76CC400FB6605 /* RoseCoffeeIOS.xcdatamodeld in Sources */ = {isa = PBXBuildFile; fileRef = 6F2051D21DF76CC400FB6605 /* RoseCoffeeIOS.xcdatamodeld */; };
		6F2051D91DF76CC400FB6605 /* LaunchScreen.storyboard in Resources */ = {isa = PBXBuildFile; fileRef = 6F2051D71DF76CC400FB6605 /* LaunchScreen.storyboard */; };
		6F2051E41DF76CC400FB6605 /* RoseCoffeeIOSTests.swift in Sources */ = {isa = PBXBuildFile; fileRef = 6F2051E31DF76CC400FB6605 /* RoseCoffeeIOSTests.swift */; };
		6F2051EF1DF76CC400FB6605 /* RoseCoffeeIOSUITests.swift in Sources */ = {isa = PBXBuildFile; fileRef = 6F2051EE1DF76CC400FB6605 /* RoseCoffeeIOSUITests.swift */; };
		6F2052131DFA1AC200FB6605 /* Images.xcassets in Resources */ = {isa = PBXBuildFile; fileRef = 6F2052121DFA1AC200FB6605 /* Images.xcassets */; };
		6F2052181DFA1AEC00FB6605 /* SWRevealViewController.m in Sources */ = {isa = PBXBuildFile; fileRef = 6F2052171DFA1AEC00FB6605 /* SWRevealViewController.m */; };
		6F20521B1DFA1B0300FB6605 /* AccountInfoViewController.swift in Sources */ = {isa = PBXBuildFile; fileRef = 6F2052191DFA1B0300FB6605 /* AccountInfoViewController.swift */; };
		6F20521C1DFA1B0300FB6605 /* MenuController.swift in Sources */ = {isa = PBXBuildFile; fileRef = 6F20521A1DFA1B0300FB6605 /* MenuController.swift */; };
		6F20521E1DFA1B9900FB6605 /* AppDelegate.swift in Sources */ = {isa = PBXBuildFile; fileRef = 6F20521D1DFA1B9900FB6605 /* AppDelegate.swift */; };
		6F3393CA1E371D420032E40F /* EditProfileViewController.swift in Sources */ = {isa = PBXBuildFile; fileRef = 6F3393C91E371D420032E40F /* EditProfileViewController.swift */; };
		6F460B511E35C7F300752714 /* OrderListViewController.swift in Sources */ = {isa = PBXBuildFile; fileRef = 6F460B501E35C7F300752714 /* OrderListViewController.swift */; };
		6F60E6E71E39A03D00413FFE /* LocationPickerViewController.swift in Sources */ = {isa = PBXBuildFile; fileRef = 6F60E6E61E39A03D00413FFE /* LocationPickerViewController.swift */; };
		6F60E6E91E39C50200413FFE /* TimePickerViewController.swift in Sources */ = {isa = PBXBuildFile; fileRef = 6F60E6E81E39C50200413FFE /* TimePickerViewController.swift */; };
		6F8E835E1E36E268006D2637 /* OrderTableViewCell.swift in Sources */ = {isa = PBXBuildFile; fileRef = 6F8E835D1E36E268006D2637 /* OrderTableViewCell.swift */; };
		6FF46CDB1E3596340053899E /* UpdateInfoViewController.swift in Sources */ = {isa = PBXBuildFile; fileRef = 6FF46CDA1E3596340053899E /* UpdateInfoViewController.swift */; };
		6FF46CDD1E359F390053899E /* ConfirmAndCheckoutViewController.swift in Sources */ = {isa = PBXBuildFile; fileRef = 6FF46CDC1E359F390053899E /* ConfirmAndCheckoutViewController.swift */; };
/* End PBXBuildFile section */

/* Begin PBXContainerItemProxy section */
		6F2051E01DF76CC400FB6605 /* PBXContainerItemProxy */ = {
			isa = PBXContainerItemProxy;
			containerPortal = 6F2051C01DF76CC400FB6605 /* Project object */;
			proxyType = 1;
			remoteGlobalIDString = 6F2051C71DF76CC400FB6605;
			remoteInfo = RoseCoffeeIOS;
		};
		6F2051EB1DF76CC400FB6605 /* PBXContainerItemProxy */ = {
			isa = PBXContainerItemProxy;
			containerPortal = 6F2051C01DF76CC400FB6605 /* Project object */;
			proxyType = 1;
			remoteGlobalIDString = 6F2051C71DF76CC400FB6605;
			remoteInfo = RoseCoffeeIOS;
		};
/* End PBXContainerItemProxy section */

/* Begin PBXFileReference section */
		0AAF9B17A2527222A086E01F /* Pods-RoseCoffeeIOS.release.xcconfig */ = {isa = PBXFileReference; includeInIndex = 1; lastKnownFileType = text.xcconfig; name = "Pods-RoseCoffeeIOS.release.xcconfig"; path = "Pods/Target Support Files/Pods-RoseCoffeeIOS/Pods-RoseCoffeeIOS.release.xcconfig"; sourceTree = "<group>"; };
		1B1C2C851E183A0200E52EA7 /* SignInViewController.swift */ = {isa = PBXFileReference; fileEncoding = 4; lastKnownFileType = sourcecode.swift; path = SignInViewController.swift; sourceTree = "<group>"; };
		1B8675881E425AC000F94BDF /* MyOrdersViewController.swift */ = {isa = PBXFileReference; fileEncoding = 4; lastKnownFileType = sourcecode.swift; path = MyOrdersViewController.swift; sourceTree = "<group>"; };
		1B86758A1E42630E00F94BDF /* MyOrdersTableCell.swift */ = {isa = PBXFileReference; fileEncoding = 4; lastKnownFileType = sourcecode.swift; path = MyOrdersTableCell.swift; sourceTree = "<group>"; };
		1B86758C1E42C79100F94BDF /* MyOrderHistoryViewController.swift */ = {isa = PBXFileReference; fileEncoding = 4; lastKnownFileType = sourcecode.swift; path = MyOrderHistoryViewController.swift; sourceTree = "<group>"; };
		1BEC19CE1E233406007760A7 /* Podfile */ = {isa = PBXFileReference; fileEncoding = 4; lastKnownFileType = text; path = Podfile; sourceTree = SOURCE_ROOT; };
		4630A8721E1A1FB800F28AA7 /* LocationAndTimeViewController.swift */ = {isa = PBXFileReference; fileEncoding = 4; lastKnownFileType = sourcecode.swift; path = LocationAndTimeViewController.swift; sourceTree = "<group>"; };
		463260FF1E31A31100AF4421 /* GoogleService-Info.plist */ = {isa = PBXFileReference; fileEncoding = 4; lastKnownFileType = text.plist.xml; path = "GoogleService-Info.plist"; sourceTree = "<group>"; };
		468321D91E3D38BB00B0C33F /* AddDrinkFirstViewController.swift */ = {isa = PBXFileReference; fileEncoding = 4; lastKnownFileType = sourcecode.swift; path = AddDrinkFirstViewController.swift; sourceTree = "<group>"; };
		468321DB1E3D70D300B0C33F /* AddSnackFirstViewController.swift */ = {isa = PBXFileReference; fileEncoding = 4; lastKnownFileType = sourcecode.swift; path = AddSnackFirstViewController.swift; sourceTree = "<group>"; };
		46840D8C1E36F6CE00BD0FB3 /* CustomerRatingViewController.swift */ = {isa = PBXFileReference; fileEncoding = 4; lastKnownFileType = sourcecode.swift; path = CustomerRatingViewController.swift; sourceTree = "<group>"; };
		46943C251E3FBEA200A96F6D /* AddDrinkSecondViewController.swift */ = {isa = PBXFileReference; fileEncoding = 4; lastKnownFileType = sourcecode.swift; path = AddDrinkSecondViewController.swift; sourceTree = "<group>"; };
		46DB46FC1E2464CB00834A76 /* SettingViewController.swift */ = {isa = PBXFileReference; fileEncoding = 4; lastKnownFileType = sourcecode.swift; path = SettingViewController.swift; sourceTree = "<group>"; };
		46DB46FE1E246E1500834A76 /* OrderDetailViewController.swift */ = {isa = PBXFileReference; fileEncoding = 4; lastKnownFileType = sourcecode.swift; path = OrderDetailViewController.swift; sourceTree = "<group>"; };
		6F2051C81DF76CC400FB6605 /* RoseCoffeeIOS.app */ = {isa = PBXFileReference; explicitFileType = wrapper.application; includeInIndex = 0; path = RoseCoffeeIOS.app; sourceTree = BUILT_PRODUCTS_DIR; };
		6F2051D01DF76CC400FB6605 /* Base */ = {isa = PBXFileReference; lastKnownFileType = file.storyboard; name = Base; path = Base.lproj/Main.storyboard; sourceTree = "<group>"; };
		6F2051D31DF76CC400FB6605 /* RoseCoffeeIOS.xcdatamodel */ = {isa = PBXFileReference; lastKnownFileType = wrapper.xcdatamodel; path = RoseCoffeeIOS.xcdatamodel; sourceTree = "<group>"; };
		6F2051D81DF76CC400FB6605 /* Base */ = {isa = PBXFileReference; lastKnownFileType = file.storyboard; name = Base; path = Base.lproj/LaunchScreen.storyboard; sourceTree = "<group>"; };
		6F2051DA1DF76CC400FB6605 /* Info.plist */ = {isa = PBXFileReference; lastKnownFileType = text.plist.xml; path = Info.plist; sourceTree = "<group>"; };
		6F2051DF1DF76CC400FB6605 /* RoseCoffeeIOSTests.xctest */ = {isa = PBXFileReference; explicitFileType = wrapper.cfbundle; includeInIndex = 0; path = RoseCoffeeIOSTests.xctest; sourceTree = BUILT_PRODUCTS_DIR; };
		6F2051E31DF76CC400FB6605 /* RoseCoffeeIOSTests.swift */ = {isa = PBXFileReference; lastKnownFileType = sourcecode.swift; path = RoseCoffeeIOSTests.swift; sourceTree = "<group>"; };
		6F2051E51DF76CC400FB6605 /* Info.plist */ = {isa = PBXFileReference; lastKnownFileType = text.plist.xml; path = Info.plist; sourceTree = "<group>"; };
		6F2051EA1DF76CC400FB6605 /* RoseCoffeeIOSUITests.xctest */ = {isa = PBXFileReference; explicitFileType = wrapper.cfbundle; includeInIndex = 0; path = RoseCoffeeIOSUITests.xctest; sourceTree = BUILT_PRODUCTS_DIR; };
		6F2051EE1DF76CC400FB6605 /* RoseCoffeeIOSUITests.swift */ = {isa = PBXFileReference; lastKnownFileType = sourcecode.swift; path = RoseCoffeeIOSUITests.swift; sourceTree = "<group>"; };
		6F2051F01DF76CC400FB6605 /* Info.plist */ = {isa = PBXFileReference; lastKnownFileType = text.plist.xml; path = Info.plist; sourceTree = "<group>"; };
		6F2052121DFA1AC200FB6605 /* Images.xcassets */ = {isa = PBXFileReference; lastKnownFileType = folder.assetcatalog; path = Images.xcassets; sourceTree = "<group>"; };
		6F2052151DFA1AEB00FB6605 /* RoseCoffeeIOS-Bridging-Header.h */ = {isa = PBXFileReference; fileEncoding = 4; lastKnownFileType = sourcecode.c.h; path = "RoseCoffeeIOS-Bridging-Header.h"; sourceTree = "<group>"; };
		6F2052161DFA1AEC00FB6605 /* SWRevealViewController.h */ = {isa = PBXFileReference; fileEncoding = 4; lastKnownFileType = sourcecode.c.h; path = SWRevealViewController.h; sourceTree = "<group>"; };
		6F2052171DFA1AEC00FB6605 /* SWRevealViewController.m */ = {isa = PBXFileReference; fileEncoding = 4; lastKnownFileType = sourcecode.c.objc; path = SWRevealViewController.m; sourceTree = "<group>"; };
		6F2052191DFA1B0300FB6605 /* AccountInfoViewController.swift */ = {isa = PBXFileReference; fileEncoding = 4; lastKnownFileType = sourcecode.swift; path = AccountInfoViewController.swift; sourceTree = "<group>"; };
		6F20521A1DFA1B0300FB6605 /* MenuController.swift */ = {isa = PBXFileReference; fileEncoding = 4; lastKnownFileType = sourcecode.swift; path = MenuController.swift; sourceTree = "<group>"; };
		6F20521D1DFA1B9900FB6605 /* AppDelegate.swift */ = {isa = PBXFileReference; fileEncoding = 4; lastKnownFileType = sourcecode.swift; path = AppDelegate.swift; sourceTree = "<group>"; };
		6F3393C91E371D420032E40F /* EditProfileViewController.swift */ = {isa = PBXFileReference; fileEncoding = 4; lastKnownFileType = sourcecode.swift; path = EditProfileViewController.swift; sourceTree = "<group>"; };
		6F460B501E35C7F300752714 /* OrderListViewController.swift */ = {isa = PBXFileReference; fileEncoding = 4; lastKnownFileType = sourcecode.swift; path = OrderListViewController.swift; sourceTree = "<group>"; };
		6F60E6E61E39A03D00413FFE /* LocationPickerViewController.swift */ = {isa = PBXFileReference; fileEncoding = 4; lastKnownFileType = sourcecode.swift; path = LocationPickerViewController.swift; sourceTree = "<group>"; };
		6F60E6E81E39C50200413FFE /* TimePickerViewController.swift */ = {isa = PBXFileReference; fileEncoding = 4; lastKnownFileType = sourcecode.swift; path = TimePickerViewController.swift; sourceTree = "<group>"; };
		6F8E835D1E36E268006D2637 /* OrderTableViewCell.swift */ = {isa = PBXFileReference; fileEncoding = 4; lastKnownFileType = sourcecode.swift; path = OrderTableViewCell.swift; sourceTree = "<group>"; };
		6FF46CDA1E3596340053899E /* UpdateInfoViewController.swift */ = {isa = PBXFileReference; fileEncoding = 4; lastKnownFileType = sourcecode.swift; path = UpdateInfoViewController.swift; sourceTree = "<group>"; };
		6FF46CDC1E359F390053899E /* ConfirmAndCheckoutViewController.swift */ = {isa = PBXFileReference; fileEncoding = 4; lastKnownFileType = sourcecode.swift; path = ConfirmAndCheckoutViewController.swift; sourceTree = "<group>"; };
		A71BDFF38B3B5AB550D1600A /* Pods-RoseCoffeeIOS.debug.xcconfig */ = {isa = PBXFileReference; includeInIndex = 1; lastKnownFileType = text.xcconfig; name = "Pods-RoseCoffeeIOS.debug.xcconfig"; path = "Pods/Target Support Files/Pods-RoseCoffeeIOS/Pods-RoseCoffeeIOS.debug.xcconfig"; sourceTree = "<group>"; };
		B7766A7566F215F3E52EB85C /* Pods_RoseCoffeeIOSTests.framework */ = {isa = PBXFileReference; explicitFileType = wrapper.framework; includeInIndex = 0; path = Pods_RoseCoffeeIOSTests.framework; sourceTree = BUILT_PRODUCTS_DIR; };
		BE49F5D3AF68E18B90CCBBDA /* Pods_RoseCoffeeIOSUITests.framework */ = {isa = PBXFileReference; explicitFileType = wrapper.framework; includeInIndex = 0; path = Pods_RoseCoffeeIOSUITests.framework; sourceTree = BUILT_PRODUCTS_DIR; };
		E44BA29FB90B7C77CC59D73B /* Pods_RoseCoffeeIOS.framework */ = {isa = PBXFileReference; explicitFileType = wrapper.framework; includeInIndex = 0; path = Pods_RoseCoffeeIOS.framework; sourceTree = BUILT_PRODUCTS_DIR; };
/* End PBXFileReference section */

/* Begin PBXFrameworksBuildPhase section */
		6F2051C51DF76CC400FB6605 /* Frameworks */ = {
			isa = PBXFrameworksBuildPhase;
			buildActionMask = 2147483647;
			files = (
				2F4FC6A62564179A76BDAA55 /* Pods_RoseCoffeeIOS.framework in Frameworks */,
			);
			runOnlyForDeploymentPostprocessing = 0;
		};
		6F2051DC1DF76CC400FB6605 /* Frameworks */ = {
			isa = PBXFrameworksBuildPhase;
			buildActionMask = 2147483647;
			files = (
			);
			runOnlyForDeploymentPostprocessing = 0;
		};
		6F2051E71DF76CC400FB6605 /* Frameworks */ = {
			isa = PBXFrameworksBuildPhase;
			buildActionMask = 2147483647;
			files = (
			);
			runOnlyForDeploymentPostprocessing = 0;
		};
/* End PBXFrameworksBuildPhase section */

/* Begin PBXGroup section */
		2B1642A43C8FAD59C23C131B /* Frameworks */ = {
			isa = PBXGroup;
			children = (
				E44BA29FB90B7C77CC59D73B /* Pods_RoseCoffeeIOS.framework */,
				B7766A7566F215F3E52EB85C /* Pods_RoseCoffeeIOSTests.framework */,
				BE49F5D3AF68E18B90CCBBDA /* Pods_RoseCoffeeIOSUITests.framework */,
			);
			name = Frameworks;
			sourceTree = "<group>";
		};
		4630A8741E1A1FC600F28AA7 /* CustomerMain */ = {
			isa = PBXGroup;
			children = (
				4630A8721E1A1FB800F28AA7 /* LocationAndTimeViewController.swift */,
				6F60E6E61E39A03D00413FFE /* LocationPickerViewController.swift */,
				6F60E6E81E39C50200413FFE /* TimePickerViewController.swift */,
				46DB46FE1E246E1500834A76 /* OrderDetailViewController.swift */,
				468321D91E3D38BB00B0C33F /* AddDrinkFirstViewController.swift */,
				468321DB1E3D70D300B0C33F /* AddSnackFirstViewController.swift */,
				46943C251E3FBEA200A96F6D /* AddDrinkSecondViewController.swift */,
				6FF46CDC1E359F390053899E /* ConfirmAndCheckoutViewController.swift */,
				46840D8C1E36F6CE00BD0FB3 /* CustomerRatingViewController.swift */,
			);
			name = CustomerMain;
			sourceTree = "<group>";
		};
		5BE129BB9C05A16C688A669A /* Pods */ = {
			isa = PBXGroup;
			children = (
				A71BDFF38B3B5AB550D1600A /* Pods-RoseCoffeeIOS.debug.xcconfig */,
				0AAF9B17A2527222A086E01F /* Pods-RoseCoffeeIOS.release.xcconfig */,
			);
			name = Pods;
			sourceTree = "<group>";
		};
		6F2051BF1DF76CC400FB6605 = {
			isa = PBXGroup;
			children = (
				6F2051CA1DF76CC400FB6605 /* RoseCoffeeIOS */,
				6F2051E21DF76CC400FB6605 /* RoseCoffeeIOSTests */,
				6F2051ED1DF76CC400FB6605 /* RoseCoffeeIOSUITests */,
				6F2051C91DF76CC400FB6605 /* Products */,
				5BE129BB9C05A16C688A669A /* Pods */,
				2B1642A43C8FAD59C23C131B /* Frameworks */,
			);
			sourceTree = "<group>";
		};
		6F2051C91DF76CC400FB6605 /* Products */ = {
			isa = PBXGroup;
			children = (
				6F2051C81DF76CC400FB6605 /* RoseCoffeeIOS.app */,
				6F2051DF1DF76CC400FB6605 /* RoseCoffeeIOSTests.xctest */,
				6F2051EA1DF76CC400FB6605 /* RoseCoffeeIOSUITests.xctest */,
			);
			name = Products;
			sourceTree = "<group>";
		};
		6F2051CA1DF76CC400FB6605 /* RoseCoffeeIOS */ = {
			isa = PBXGroup;
			children = (
				6F2051D71DF76CC400FB6605 /* LaunchScreen.storyboard */,
				6F2051CF1DF76CC400FB6605 /* Main.storyboard */,
				6F20521D1DFA1B9900FB6605 /* AppDelegate.swift */,
				6F2052141DFA1AC600FB6605 /* SWRealViewController */,
				6F2052121DFA1AC200FB6605 /* Images.xcassets */,
				1B1C2C851E183A0200E52EA7 /* SignInViewController.swift */,
				6F20521A1DFA1B0300FB6605 /* MenuController.swift */,
				4630A8741E1A1FC600F28AA7 /* CustomerMain */,
				6F8E835C1E36E004006D2637 /* DeliveryMain */,
				6F2052191DFA1B0300FB6605 /* AccountInfoViewController.swift */,
				6FF46CDA1E3596340053899E /* UpdateInfoViewController.swift */,
				6F3393C91E371D420032E40F /* EditProfileViewController.swift */,
				46DB46FC1E2464CB00834A76 /* SettingViewController.swift */,
				6F2051DA1DF76CC400FB6605 /* Info.plist */,
				6F2051D21DF76CC400FB6605 /* RoseCoffeeIOS.xcdatamodeld */,
				463260FF1E31A31100AF4421 /* GoogleService-Info.plist */,
				1BEC19CE1E233406007760A7 /* Podfile */,
				1B8675881E425AC000F94BDF /* MyOrdersViewController.swift */,
				1B86758A1E42630E00F94BDF /* MyOrdersTableCell.swift */,
				1B86758C1E42C79100F94BDF /* MyOrderHistoryViewController.swift */,
			);
			path = RoseCoffeeIOS;
			sourceTree = "<group>";
		};
		6F2051E21DF76CC400FB6605 /* RoseCoffeeIOSTests */ = {
			isa = PBXGroup;
			children = (
				6F2051E31DF76CC400FB6605 /* RoseCoffeeIOSTests.swift */,
				6F2051E51DF76CC400FB6605 /* Info.plist */,
			);
			path = RoseCoffeeIOSTests;
			sourceTree = "<group>";
		};
		6F2051ED1DF76CC400FB6605 /* RoseCoffeeIOSUITests */ = {
			isa = PBXGroup;
			children = (
				6F2051EE1DF76CC400FB6605 /* RoseCoffeeIOSUITests.swift */,
				6F2051F01DF76CC400FB6605 /* Info.plist */,
			);
			path = RoseCoffeeIOSUITests;
			sourceTree = "<group>";
		};
		6F2052141DFA1AC600FB6605 /* SWRealViewController */ = {
			isa = PBXGroup;
			children = (
				6F2052161DFA1AEC00FB6605 /* SWRevealViewController.h */,
				6F2052171DFA1AEC00FB6605 /* SWRevealViewController.m */,
				6F2052151DFA1AEB00FB6605 /* RoseCoffeeIOS-Bridging-Header.h */,
			);
			name = SWRealViewController;
			sourceTree = "<group>";
		};
		6F8E835C1E36E004006D2637 /* DeliveryMain */ = {
			isa = PBXGroup;
			children = (
				6F460B501E35C7F300752714 /* OrderListViewController.swift */,
				6F8E835D1E36E268006D2637 /* OrderTableViewCell.swift */,
			);
			name = DeliveryMain;
			sourceTree = "<group>";
		};
/* End PBXGroup section */

/* Begin PBXNativeTarget section */
		6F2051C71DF76CC400FB6605 /* RoseCoffeeIOS */ = {
			isa = PBXNativeTarget;
			buildConfigurationList = 6F2051F31DF76CC400FB6605 /* Build configuration list for PBXNativeTarget "RoseCoffeeIOS" */;
			buildPhases = (
				E71C79850901B069384C2A18 /* [CP] Check Pods Manifest.lock */,
				6F2051C41DF76CC400FB6605 /* Sources */,
				6F2051C51DF76CC400FB6605 /* Frameworks */,
				6F2051C61DF76CC400FB6605 /* Resources */,
				7B120673F0CC69A6542E9915 /* [CP] Embed Pods Frameworks */,
				5CF09697E1C9202ECF4EB5C3 /* [CP] Copy Pods Resources */,
			);
			buildRules = (
			);
			dependencies = (
			);
			name = RoseCoffeeIOS;
			productName = RoseCoffeeIOS;
			productReference = 6F2051C81DF76CC400FB6605 /* RoseCoffeeIOS.app */;
			productType = "com.apple.product-type.application";
		};
		6F2051DE1DF76CC400FB6605 /* RoseCoffeeIOSTests */ = {
			isa = PBXNativeTarget;
			buildConfigurationList = 6F2051F61DF76CC400FB6605 /* Build configuration list for PBXNativeTarget "RoseCoffeeIOSTests" */;
			buildPhases = (
				6F2051DB1DF76CC400FB6605 /* Sources */,
				6F2051DC1DF76CC400FB6605 /* Frameworks */,
				6F2051DD1DF76CC400FB6605 /* Resources */,
			);
			buildRules = (
			);
			dependencies = (
				6F2051E11DF76CC400FB6605 /* PBXTargetDependency */,
			);
			name = RoseCoffeeIOSTests;
			productName = RoseCoffeeIOSTests;
			productReference = 6F2051DF1DF76CC400FB6605 /* RoseCoffeeIOSTests.xctest */;
			productType = "com.apple.product-type.bundle.unit-test";
		};
		6F2051E91DF76CC400FB6605 /* RoseCoffeeIOSUITests */ = {
			isa = PBXNativeTarget;
			buildConfigurationList = 6F2051F91DF76CC400FB6605 /* Build configuration list for PBXNativeTarget "RoseCoffeeIOSUITests" */;
			buildPhases = (
				6F2051E61DF76CC400FB6605 /* Sources */,
				6F2051E71DF76CC400FB6605 /* Frameworks */,
				6F2051E81DF76CC400FB6605 /* Resources */,
			);
			buildRules = (
			);
			dependencies = (
				6F2051EC1DF76CC400FB6605 /* PBXTargetDependency */,
			);
			name = RoseCoffeeIOSUITests;
			productName = RoseCoffeeIOSUITests;
			productReference = 6F2051EA1DF76CC400FB6605 /* RoseCoffeeIOSUITests.xctest */;
			productType = "com.apple.product-type.bundle.ui-testing";
		};
/* End PBXNativeTarget section */

/* Begin PBXProject section */
		6F2051C01DF76CC400FB6605 /* Project object */ = {
			isa = PBXProject;
			attributes = {
				LastSwiftUpdateCheck = 0810;
				LastUpgradeCheck = 0820;
				ORGANIZATIONNAME = "Xinyu Xiao";
				TargetAttributes = {
					6F2051C71DF76CC400FB6605 = {
						CreatedOnToolsVersion = 8.1;
						DevelopmentTeam = N6QJ9S57D2;
						LastSwiftMigration = 0810;
						ProvisioningStyle = Automatic;
					};
					6F2051DE1DF76CC400FB6605 = {
						CreatedOnToolsVersion = 8.1;
						DevelopmentTeam = N6QJ9S57D2;
						ProvisioningStyle = Automatic;
						TestTargetID = 6F2051C71DF76CC400FB6605;
					};
					6F2051E91DF76CC400FB6605 = {
						CreatedOnToolsVersion = 8.1;
						DevelopmentTeam = N6QJ9S57D2;
						ProvisioningStyle = Automatic;
						TestTargetID = 6F2051C71DF76CC400FB6605;
					};
				};
			};
			buildConfigurationList = 6F2051C31DF76CC400FB6605 /* Build configuration list for PBXProject "RoseCoffeeIOS" */;
			compatibilityVersion = "Xcode 3.2";
			developmentRegion = English;
			hasScannedForEncodings = 0;
			knownRegions = (
				en,
				Base,
			);
			mainGroup = 6F2051BF1DF76CC400FB6605;
			productRefGroup = 6F2051C91DF76CC400FB6605 /* Products */;
			projectDirPath = "";
			projectRoot = "";
			targets = (
				6F2051C71DF76CC400FB6605 /* RoseCoffeeIOS */,
				6F2051DE1DF76CC400FB6605 /* RoseCoffeeIOSTests */,
				6F2051E91DF76CC400FB6605 /* RoseCoffeeIOSUITests */,
			);
		};
/* End PBXProject section */

/* Begin PBXResourcesBuildPhase section */
		6F2051C61DF76CC400FB6605 /* Resources */ = {
			isa = PBXResourcesBuildPhase;
			buildActionMask = 2147483647;
			files = (
				6F2052131DFA1AC200FB6605 /* Images.xcassets in Resources */,
				6F2051D91DF76CC400FB6605 /* LaunchScreen.storyboard in Resources */,
				1BEC19CF1E233406007760A7 /* Podfile in Resources */,
				6F2051D11DF76CC400FB6605 /* Main.storyboard in Resources */,
				463261001E31A31100AF4421 /* GoogleService-Info.plist in Resources */,
			);
			runOnlyForDeploymentPostprocessing = 0;
		};
		6F2051DD1DF76CC400FB6605 /* Resources */ = {
			isa = PBXResourcesBuildPhase;
			buildActionMask = 2147483647;
			files = (
			);
			runOnlyForDeploymentPostprocessing = 0;
		};
		6F2051E81DF76CC400FB6605 /* Resources */ = {
			isa = PBXResourcesBuildPhase;
			buildActionMask = 2147483647;
			files = (
			);
			runOnlyForDeploymentPostprocessing = 0;
		};
/* End PBXResourcesBuildPhase section */

/* Begin PBXShellScriptBuildPhase section */
		5CF09697E1C9202ECF4EB5C3 /* [CP] Copy Pods Resources */ = {
			isa = PBXShellScriptBuildPhase;
			buildActionMask = 2147483647;
			files = (
			);
			inputPaths = (
			);
			name = "[CP] Copy Pods Resources";
			outputPaths = (
			);
			runOnlyForDeploymentPostprocessing = 0;
			shellPath = /bin/sh;
			shellScript = "\"${SRCROOT}/Pods/Target Support Files/Pods-RoseCoffeeIOS/Pods-RoseCoffeeIOS-resources.sh\"\n";
			showEnvVarsInLog = 0;
		};
		7B120673F0CC69A6542E9915 /* [CP] Embed Pods Frameworks */ = {
			isa = PBXShellScriptBuildPhase;
			buildActionMask = 2147483647;
			files = (
			);
			inputPaths = (
			);
			name = "[CP] Embed Pods Frameworks";
			outputPaths = (
			);
			runOnlyForDeploymentPostprocessing = 0;
			shellPath = /bin/sh;
			shellScript = "\"${SRCROOT}/Pods/Target Support Files/Pods-RoseCoffeeIOS/Pods-RoseCoffeeIOS-frameworks.sh\"\n";
			showEnvVarsInLog = 0;
		};
		E71C79850901B069384C2A18 /* [CP] Check Pods Manifest.lock */ = {
			isa = PBXShellScriptBuildPhase;
			buildActionMask = 2147483647;
			files = (
			);
			inputPaths = (
			);
			name = "[CP] Check Pods Manifest.lock";
			outputPaths = (
			);
			runOnlyForDeploymentPostprocessing = 0;
			shellPath = /bin/sh;
			shellScript = "diff \"${PODS_ROOT}/../Podfile.lock\" \"${PODS_ROOT}/Manifest.lock\" > /dev/null\nif [ $? != 0 ] ; then\n    # print error to STDERR\n    echo \"error: The sandbox is not in sync with the Podfile.lock. Run 'pod install' or update your CocoaPods installation.\" >&2\n    exit 1\nfi\n";
			showEnvVarsInLog = 0;
		};
/* End PBXShellScriptBuildPhase section */

/* Begin PBXSourcesBuildPhase section */
		6F2051C41DF76CC400FB6605 /* Sources */ = {
			isa = PBXSourcesBuildPhase;
			buildActionMask = 2147483647;
			files = (
				6F20521E1DFA1B9900FB6605 /* AppDelegate.swift in Sources */,
				6F20521B1DFA1B0300FB6605 /* AccountInfoViewController.swift in Sources */,
				6F460B511E35C7F300752714 /* OrderListViewController.swift in Sources */,
				1B86758B1E42630E00F94BDF /* MyOrdersTableCell.swift in Sources */,
				6F60E6E91E39C50200413FFE /* TimePickerViewController.swift in Sources */,
				1B8675891E425AC000F94BDF /* MyOrdersViewController.swift in Sources */,
				1B1C2C861E183A0200E52EA7 /* SignInViewController.swift in Sources */,
				6F2051D41DF76CC400FB6605 /* RoseCoffeeIOS.xcdatamodeld in Sources */,
				46840D8D1E36F6CE00BD0FB3 /* CustomerRatingViewController.swift in Sources */,
				46DB46FD1E2464CB00834A76 /* SettingViewController.swift in Sources */,
				468321DC1E3D70D300B0C33F /* AddSnackFirstViewController.swift in Sources */,
				6F20521C1DFA1B0300FB6605 /* MenuController.swift in Sources */,
				6F3393CA1E371D420032E40F /* EditProfileViewController.swift in Sources */,
				468321DA1E3D38BB00B0C33F /* AddDrinkFirstViewController.swift in Sources */,
				6F2052181DFA1AEC00FB6605 /* SWRevealViewController.m in Sources */,
				46DB46FF1E246E1500834A76 /* OrderDetailViewController.swift in Sources */,
				4630A8731E1A1FB800F28AA7 /* LocationAndTimeViewController.swift in Sources */,
				6FF46CDD1E359F390053899E /* ConfirmAndCheckoutViewController.swift in Sources */,
				1B86758D1E42C79100F94BDF /* MyOrderHistoryViewController.swift in Sources */,
				6FF46CDB1E3596340053899E /* UpdateInfoViewController.swift in Sources */,
				46943C261E3FBEA200A96F6D /* AddDrinkSecondViewController.swift in Sources */,
				6F8E835E1E36E268006D2637 /* OrderTableViewCell.swift in Sources */,
				6F60E6E71E39A03D00413FFE /* LocationPickerViewController.swift in Sources */,
			);
			runOnlyForDeploymentPostprocessing = 0;
		};
		6F2051DB1DF76CC400FB6605 /* Sources */ = {
			isa = PBXSourcesBuildPhase;
			buildActionMask = 2147483647;
			files = (
				6F2051E41DF76CC400FB6605 /* RoseCoffeeIOSTests.swift in Sources */,
			);
			runOnlyForDeploymentPostprocessing = 0;
		};
		6F2051E61DF76CC400FB6605 /* Sources */ = {
			isa = PBXSourcesBuildPhase;
			buildActionMask = 2147483647;
			files = (
				6F2051EF1DF76CC400FB6605 /* RoseCoffeeIOSUITests.swift in Sources */,
			);
			runOnlyForDeploymentPostprocessing = 0;
		};
/* End PBXSourcesBuildPhase section */

/* Begin PBXTargetDependency section */
		6F2051E11DF76CC400FB6605 /* PBXTargetDependency */ = {
			isa = PBXTargetDependency;
			target = 6F2051C71DF76CC400FB6605 /* RoseCoffeeIOS */;
			targetProxy = 6F2051E01DF76CC400FB6605 /* PBXContainerItemProxy */;
		};
		6F2051EC1DF76CC400FB6605 /* PBXTargetDependency */ = {
			isa = PBXTargetDependency;
			target = 6F2051C71DF76CC400FB6605 /* RoseCoffeeIOS */;
			targetProxy = 6F2051EB1DF76CC400FB6605 /* PBXContainerItemProxy */;
		};
/* End PBXTargetDependency section */

/* Begin PBXVariantGroup section */
		6F2051CF1DF76CC400FB6605 /* Main.storyboard */ = {
			isa = PBXVariantGroup;
			children = (
				6F2051D01DF76CC400FB6605 /* Base */,
			);
			name = Main.storyboard;
			sourceTree = "<group>";
		};
		6F2051D71DF76CC400FB6605 /* LaunchScreen.storyboard */ = {
			isa = PBXVariantGroup;
			children = (
				6F2051D81DF76CC400FB6605 /* Base */,
			);
			name = LaunchScreen.storyboard;
			sourceTree = "<group>";
		};
/* End PBXVariantGroup section */

/* Begin XCBuildConfiguration section */
		6F2051F11DF76CC400FB6605 /* Debug */ = {
			isa = XCBuildConfiguration;
			buildSettings = {
				ALWAYS_SEARCH_USER_PATHS = NO;
				CLANG_ANALYZER_NONNULL = YES;
				CLANG_CXX_LANGUAGE_STANDARD = "gnu++0x";
				CLANG_CXX_LIBRARY = "libc++";
				CLANG_ENABLE_MODULES = YES;
				CLANG_ENABLE_OBJC_ARC = YES;
				CLANG_WARN_BOOL_CONVERSION = YES;
				CLANG_WARN_CONSTANT_CONVERSION = YES;
				CLANG_WARN_DIRECT_OBJC_ISA_USAGE = YES_ERROR;
				CLANG_WARN_DOCUMENTATION_COMMENTS = YES;
				CLANG_WARN_EMPTY_BODY = YES;
				CLANG_WARN_ENUM_CONVERSION = YES;
				CLANG_WARN_INFINITE_RECURSION = YES;
				CLANG_WARN_INT_CONVERSION = YES;
				CLANG_WARN_OBJC_ROOT_CLASS = YES_ERROR;
				CLANG_WARN_SUSPICIOUS_MOVE = YES;
				CLANG_WARN_SUSPICIOUS_MOVES = YES;
				CLANG_WARN_UNREACHABLE_CODE = YES;
				CLANG_WARN__DUPLICATE_METHOD_MATCH = YES;
				"CODE_SIGN_IDENTITY[sdk=iphoneos*]" = "iPhone Developer";
				COPY_PHASE_STRIP = NO;
				DEBUG_INFORMATION_FORMAT = dwarf;
				ENABLE_STRICT_OBJC_MSGSEND = YES;
				ENABLE_TESTABILITY = YES;
				GCC_C_LANGUAGE_STANDARD = gnu99;
				GCC_DYNAMIC_NO_PIC = NO;
				GCC_NO_COMMON_BLOCKS = YES;
				GCC_OPTIMIZATION_LEVEL = 0;
				GCC_PREPROCESSOR_DEFINITIONS = (
					"DEBUG=1",
					"$(inherited)",
				);
				GCC_WARN_64_TO_32_BIT_CONVERSION = YES;
				GCC_WARN_ABOUT_RETURN_TYPE = YES_ERROR;
				GCC_WARN_UNDECLARED_SELECTOR = YES;
				GCC_WARN_UNINITIALIZED_AUTOS = YES_AGGRESSIVE;
				GCC_WARN_UNUSED_FUNCTION = YES;
				GCC_WARN_UNUSED_VARIABLE = YES;
				IPHONEOS_DEPLOYMENT_TARGET = 10.1;
				MTL_ENABLE_DEBUG_INFO = YES;
				ONLY_ACTIVE_ARCH = YES;
				SDKROOT = iphoneos;
				SWIFT_ACTIVE_COMPILATION_CONDITIONS = DEBUG;
				SWIFT_OPTIMIZATION_LEVEL = "-Onone";
				TARGETED_DEVICE_FAMILY = "1,2";
			};
			name = Debug;
		};
		6F2051F21DF76CC400FB6605 /* Release */ = {
			isa = XCBuildConfiguration;
			buildSettings = {
				ALWAYS_SEARCH_USER_PATHS = NO;
				CLANG_ANALYZER_NONNULL = YES;
				CLANG_CXX_LANGUAGE_STANDARD = "gnu++0x";
				CLANG_CXX_LIBRARY = "libc++";
				CLANG_ENABLE_MODULES = YES;
				CLANG_ENABLE_OBJC_ARC = YES;
				CLANG_WARN_BOOL_CONVERSION = YES;
				CLANG_WARN_CONSTANT_CONVERSION = YES;
				CLANG_WARN_DIRECT_OBJC_ISA_USAGE = YES_ERROR;
				CLANG_WARN_DOCUMENTATION_COMMENTS = YES;
				CLANG_WARN_EMPTY_BODY = YES;
				CLANG_WARN_ENUM_CONVERSION = YES;
				CLANG_WARN_INFINITE_RECURSION = YES;
				CLANG_WARN_INT_CONVERSION = YES;
				CLANG_WARN_OBJC_ROOT_CLASS = YES_ERROR;
				CLANG_WARN_SUSPICIOUS_MOVE = YES;
				CLANG_WARN_SUSPICIOUS_MOVES = YES;
				CLANG_WARN_UNREACHABLE_CODE = YES;
				CLANG_WARN__DUPLICATE_METHOD_MATCH = YES;
				"CODE_SIGN_IDENTITY[sdk=iphoneos*]" = "iPhone Developer";
				COPY_PHASE_STRIP = NO;
				DEBUG_INFORMATION_FORMAT = "dwarf-with-dsym";
				ENABLE_NS_ASSERTIONS = NO;
				ENABLE_STRICT_OBJC_MSGSEND = YES;
				GCC_C_LANGUAGE_STANDARD = gnu99;
				GCC_NO_COMMON_BLOCKS = YES;
				GCC_WARN_64_TO_32_BIT_CONVERSION = YES;
				GCC_WARN_ABOUT_RETURN_TYPE = YES_ERROR;
				GCC_WARN_UNDECLARED_SELECTOR = YES;
				GCC_WARN_UNINITIALIZED_AUTOS = YES_AGGRESSIVE;
				GCC_WARN_UNUSED_FUNCTION = YES;
				GCC_WARN_UNUSED_VARIABLE = YES;
				IPHONEOS_DEPLOYMENT_TARGET = 10.1;
				MTL_ENABLE_DEBUG_INFO = NO;
				SDKROOT = iphoneos;
				SWIFT_OPTIMIZATION_LEVEL = "-Owholemodule";
				TARGETED_DEVICE_FAMILY = "1,2";
				VALIDATE_PRODUCT = YES;
			};
			name = Release;
		};
		6F2051F41DF76CC400FB6605 /* Debug */ = {
			isa = XCBuildConfiguration;
			baseConfigurationReference = A71BDFF38B3B5AB550D1600A /* Pods-RoseCoffeeIOS.debug.xcconfig */;
			buildSettings = {
				ALWAYS_EMBED_SWIFT_STANDARD_LIBRARIES = YES;
				ASSETCATALOG_COMPILER_APPICON_NAME = AppIcon;
				CLANG_ENABLE_MODULES = YES;
				DEVELOPMENT_TEAM = N6QJ9S57D2;
				INFOPLIST_FILE = RoseCoffeeIOS/Info.plist;
				LD_RUNPATH_SEARCH_PATHS = "$(inherited) @executable_path/Frameworks";
				PRODUCT_BUNDLE_IDENTIFIER = edu.rosehulman.RoseCoffeeIOS;
				PRODUCT_NAME = "$(TARGET_NAME)";
				SWIFT_OBJC_BRIDGING_HEADER = "RoseCoffeeIOS/RoseCoffeeIOS-Bridging-Header.h";
				SWIFT_OPTIMIZATION_LEVEL = "-Onone";
				SWIFT_VERSION = 3.0;
			};
			name = Debug;
		};
		6F2051F51DF76CC400FB6605 /* Release */ = {
			isa = XCBuildConfiguration;
			baseConfigurationReference = 0AAF9B17A2527222A086E01F /* Pods-RoseCoffeeIOS.release.xcconfig */;
			buildSettings = {
				ALWAYS_EMBED_SWIFT_STANDARD_LIBRARIES = YES;
				ASSETCATALOG_COMPILER_APPICON_NAME = AppIcon;
				CLANG_ENABLE_MODULES = YES;
				DEVELOPMENT_TEAM = N6QJ9S57D2;
				INFOPLIST_FILE = RoseCoffeeIOS/Info.plist;
				LD_RUNPATH_SEARCH_PATHS = "$(inherited) @executable_path/Frameworks";
				PRODUCT_BUNDLE_IDENTIFIER = edu.rosehulman.RoseCoffeeIOS;
				PRODUCT_NAME = "$(TARGET_NAME)";
				SWIFT_OBJC_BRIDGING_HEADER = "RoseCoffeeIOS/RoseCoffeeIOS-Bridging-Header.h";
				SWIFT_VERSION = 3.0;
			};
			name = Release;
		};
		6F2051F71DF76CC400FB6605 /* Debug */ = {
			isa = XCBuildConfiguration;
			buildSettings = {
				ALWAYS_EMBED_SWIFT_STANDARD_LIBRARIES = YES;
				BUNDLE_LOADER = "$(TEST_HOST)";
				DEVELOPMENT_TEAM = N6QJ9S57D2;
				INFOPLIST_FILE = RoseCoffeeIOSTests/Info.plist;
				LD_RUNPATH_SEARCH_PATHS = "$(inherited) @executable_path/Frameworks @loader_path/Frameworks";
				PRODUCT_BUNDLE_IDENTIFIER = rosehulman.RoseCoffeeIOSTests;
				PRODUCT_NAME = "$(TARGET_NAME)";
				SWIFT_VERSION = 3.0;
				TEST_HOST = "$(BUILT_PRODUCTS_DIR)/RoseCoffeeIOS.app/RoseCoffeeIOS";
			};
			name = Debug;
		};
		6F2051F81DF76CC400FB6605 /* Release */ = {
			isa = XCBuildConfiguration;
			buildSettings = {
				ALWAYS_EMBED_SWIFT_STANDARD_LIBRARIES = YES;
				BUNDLE_LOADER = "$(TEST_HOST)";
				DEVELOPMENT_TEAM = N6QJ9S57D2;
				INFOPLIST_FILE = RoseCoffeeIOSTests/Info.plist;
				LD_RUNPATH_SEARCH_PATHS = "$(inherited) @executable_path/Frameworks @loader_path/Frameworks";
				PRODUCT_BUNDLE_IDENTIFIER = rosehulman.RoseCoffeeIOSTests;
				PRODUCT_NAME = "$(TARGET_NAME)";
				SWIFT_VERSION = 3.0;
				TEST_HOST = "$(BUILT_PRODUCTS_DIR)/RoseCoffeeIOS.app/RoseCoffeeIOS";
			};
			name = Release;
		};
		6F2051FA1DF76CC400FB6605 /* Debug */ = {
			isa = XCBuildConfiguration;
			buildSettings = {
				ALWAYS_EMBED_SWIFT_STANDARD_LIBRARIES = YES;
				DEVELOPMENT_TEAM = N6QJ9S57D2;
				INFOPLIST_FILE = RoseCoffeeIOSUITests/Info.plist;
				LD_RUNPATH_SEARCH_PATHS = "$(inherited) @executable_path/Frameworks @loader_path/Frameworks";
				PRODUCT_BUNDLE_IDENTIFIER = rosehulman.RoseCoffeeIOSUITests;
				PRODUCT_NAME = "$(TARGET_NAME)";
				SWIFT_VERSION = 3.0;
				TEST_TARGET_NAME = RoseCoffeeIOS;
			};
			name = Debug;
		};
		6F2051FB1DF76CC400FB6605 /* Release */ = {
			isa = XCBuildConfiguration;
			buildSettings = {
				ALWAYS_EMBED_SWIFT_STANDARD_LIBRARIES = YES;
				DEVELOPMENT_TEAM = N6QJ9S57D2;
				INFOPLIST_FILE = RoseCoffeeIOSUITests/Info.plist;
				LD_RUNPATH_SEARCH_PATHS = "$(inherited) @executable_path/Frameworks @loader_path/Frameworks";
				PRODUCT_BUNDLE_IDENTIFIER = rosehulman.RoseCoffeeIOSUITests;
				PRODUCT_NAME = "$(TARGET_NAME)";
				SWIFT_VERSION = 3.0;
				TEST_TARGET_NAME = RoseCoffeeIOS;
			};
			name = Release;
		};
/* End XCBuildConfiguration section */

/* Begin XCConfigurationList section */
		6F2051C31DF76CC400FB6605 /* Build configuration list for PBXProject "RoseCoffeeIOS" */ = {
			isa = XCConfigurationList;
			buildConfigurations = (
				6F2051F11DF76CC400FB6605 /* Debug */,
				6F2051F21DF76CC400FB6605 /* Release */,
			);
			defaultConfigurationIsVisible = 0;
			defaultConfigurationName = Release;
		};
		6F2051F31DF76CC400FB6605 /* Build configuration list for PBXNativeTarget "RoseCoffeeIOS" */ = {
			isa = XCConfigurationList;
			buildConfigurations = (
				6F2051F41DF76CC400FB6605 /* Debug */,
				6F2051F51DF76CC400FB6605 /* Release */,
			);
			defaultConfigurationIsVisible = 0;
			defaultConfigurationName = Release;
		};
		6F2051F61DF76CC400FB6605 /* Build configuration list for PBXNativeTarget "RoseCoffeeIOSTests" */ = {
			isa = XCConfigurationList;
			buildConfigurations = (
				6F2051F71DF76CC400FB6605 /* Debug */,
				6F2051F81DF76CC400FB6605 /* Release */,
			);
			defaultConfigurationIsVisible = 0;
			defaultConfigurationName = Release;
		};
		6F2051F91DF76CC400FB6605 /* Build configuration list for PBXNativeTarget "RoseCoffeeIOSUITests" */ = {
			isa = XCConfigurationList;
			buildConfigurations = (
				6F2051FA1DF76CC400FB6605 /* Debug */,
				6F2051FB1DF76CC400FB6605 /* Release */,
			);
			defaultConfigurationIsVisible = 0;
			defaultConfigurationName = Release;
		};
/* End XCConfigurationList section */

/* Begin XCVersionGroup section */
		6F2051D21DF76CC400FB6605 /* RoseCoffeeIOS.xcdatamodeld */ = {
			isa = XCVersionGroup;
			children = (
				6F2051D31DF76CC400FB6605 /* RoseCoffeeIOS.xcdatamodel */,
			);
			currentVersion = 6F2051D31DF76CC400FB6605 /* RoseCoffeeIOS.xcdatamodel */;
			path = RoseCoffeeIOS.xcdatamodeld;
			sourceTree = "<group>";
			versionGroupType = wrapper.xcdatamodel;
		};
/* End XCVersionGroup section */
	};
	rootObject = 6F2051C01DF76CC400FB6605 /* Project object */;
}
